
Microsoft Visual Studio Solution File, Format Version 12.00
# Visual Studio Version 16
VisualStudioVersion = 16.0.808.7
MinimumVisualStudioVersion = 10.0.40219.1
Project("{FAE04EC0-301F-11D3-BF4B-00C04F79EFBC}") = "QuantumTelloport", "QuantumTelloport\QuantumTelloport.csproj", "{F090D814-CA93-440B-9D99-E8BA479F21D5}"
EndProject
Global
	GlobalSection(SolutionConfigurationPlatforms) = preSolution
		Debug|Any CPU = Debug|Any CPU
		Release|Any CPU = Release|Any CPU
	EndGlobalSection
	GlobalSection(ProjectConfigurationPlatforms) = postSolution
		{F090D814-CA93-440B-9D99-E8BA479F21D5}.Debug|Any CPU.ActiveCfg = Debug|Any CPU
		{F090D814-CA93-440B-9D99-E8BA479F21D5}.Debug|Any CPU.Build.0 = Debug|Any CPU
		{F090D814-CA93-440B-9D99-E8BA479F21D5}.Release|Any CPU.ActiveCfg = Release|Any CPU
		{F090D814-CA93-440B-9D99-E8BA479F21D5}.Release|Any CPU.Build.0 = Release|Any CPU
	EndGlobalSection
	GlobalSection(SolutionProperties) = preSolution
		HideSolutionNode = FALSE
	EndGlobalSection
	GlobalSection(ExtensibilityGlobals) = postSolution
		SolutionGuid = {4615E8F6-C0CA-4ABC-BB00-0CFB263E5FFA}
	EndGlobalSection
EndGlobal
